{
  "name": "system-utility",
  "version": "0.0.0",
  "lockfileVersion": 3,
  "requires": true,
  "packages": {
    "": {
      "name": "system-utility",
      "version": "0.0.0",
      "dependencies": {
        "inspector": "^0.5.0"
      }
    },
    "node_modules/bindings": {
      "version": "1.2.1",
      "resolved": "https://registry.npmjs.org/bindings/-/bindings-1.2.1.tgz",
      "integrity": "sha512-u4cBQNepWxYA55FunZSM7wMi55yQaN0otnhhilNoWHq0MfOfJeQx0v0mRRpolGOExPjZcl6FtB0BB8Xkb88F0g==",
      "optional": true
    },
    "node_modules/bufferutil": {
      "version": "1.1.0",
      "resolved": "https://registry.npmjs.org/bufferutil/-/bufferutil-1.1.0.tgz",
      "integrity": "sha512-bttEVtkre4VYrZH+ciatjApTuac7jLMQXVXzM/ymw82WFREdOrJO496C4Bkh0/FfYoBUSOFaAYF32a5Q8dyiLw==",
      "hasInstallScript": true,
      "optional": true,
      "dependencies": {
        "bindings": "1.2.x",
        "nan": "1.8.x"
      }
    },
    "node_modules/endpoint": {
      "version": "0.4.5",
      "resolved": "https://registry.npmjs.org/endpoint/-/endpoint-0.4.5.tgz",
      "integrity": "sha512-oA2ALUF+d4Y0I8/WMV/0BuAZGHxfIdAygr9ZXP4rfzmp5zpYZmYKHKAbqRQnrE1YGdPhVg4D24CQkyx2qYEoHg==",
      "dependencies": {
        "inherits": "^2.0.1"
      }
    },
    "node_modules/inherits": {
      "version": "2.0.4",
      "resolved": "https://registry.npmjs.org/inherits/-/inherits-2.0.4.tgz",
      "integrity": "sha512-k/vGaX4/Yla3WzyMCvTQOXYeIHvqOKtnqBduzTHpzpQZzAskKMhZ2K+EnBiSM9zGSoIFeMpXKxa4dYeZIQqewQ=="
    },
    "node_modules/inspector": {
      "version": "0.5.0",
      "resolved": "https://registry.npmjs.org/inspector/-/inspector-0.5.0.tgz",
      "integrity": "sha512-qs91uK2uL3Bjcl+zSe088cR2Jh8TWgjifv54jsIvr593q92rUPFaTo+WZGvoyMgsRZWusZQR6JJmNA913QSZ+A==",
      "dependencies": {
        "endpoint": "0.4.x",
        "ws": "0.7.x"
      }
    },
    "node_modules/nan": {
      "version": "1.8.4",
      "resolved": "https://registry.npmjs.org/nan/-/nan-1.8.4.tgz",
      "integrity": "sha512-609zQ1h3ApgH/94qmbbEklSrjcYYXCHnsWk4MAojq4OUk3tidhDYhPaMasMFKsZPZ96r4eQA1hbR2W4H7/77XA==",
      "optional": true
    },
    "node_modules/options": {
      "version": "0.0.6",
      "resolved": "https://registry.npmjs.org/options/-/options-0.0.6.tgz",
      "integrity": "sha512-bOj3L1ypm++N+n7CEbbe473A414AB7z+amKYshRb//iuL3MpdDCLhPnw6aVTdKB9g5ZRVHIEp8eUln6L2NUStg==",
      "engines": {
        "node": ">=0.4.0"
      }
    },
    "node_modules/ultron": {
      "version": "1.0.2",
      "resolved": "https://registry.npmjs.org/ultron/-/ultron-1.0.2.tgz",
      "integrity": "sha512-QMpnpVtYaWEeY+MwKDN/UdKlE/LsFZXM5lO1u7GaZzNgmIbGixHEmVMIKT+vqYOALu3m5GYQy9kz4Xu4IVn7Ow=="
    },
    "node_modules/utf-8-validate": {
      "version": "1.1.0",
      "resolved": "https://registry.npmjs.org/utf-8-validate/-/utf-8-validate-1.1.0.tgz",
      "integrity": "sha512-Qsgu1u2akdyOneurUEVf/tXhkqBQMoE3x0GY5+P7ayPHvVzTqOkkgBhtl26wm6ap10Amhwy0jIhPwMGywx76QQ==",
      "hasInstallScript": true,
      "optional": true,
      "dependencies": {
        "bindings": "1.2.x",
        "nan": "1.8.x"
      }
    },
    "node_modules/ws": {
      "version": "0.7.2",
      "resolved": "https://registry.npmjs.org/ws/-/ws-0.7.2.tgz",
      "integrity": "sha512-8mJ1Ku743qD/PKmO9Dg+y7BXTwzUgKdXguecfIyOVHFmez4JMqMF+V+M684btmQXHlwzyrJqRl3NYDltGDf6CQ==",
      "dependencies": {
        "options": ">=0.0.5",
        "ultron": "1.0.x"
      },
      "optionalDependencies": {
        "bufferutil": "1.1.x",
        "utf-8-validate": "1.1.x"
      }
    }
  }
}
