{
  "name": "countly-populator",
  "version": "0.1.0",
  "lockfileVersion": 3,
  "requires": true,
  "packages": {
    "": {
      "name": "countly-populator",
      "version": "0.1.0",
      "dependencies": {
        "chance": "^1.1.13"
      }
    },
    "node_modules/chance": {
      "version": "1.1.13",
      "resolved": "https://registry.npmjs.org/chance/-/chance-1.1.13.tgz",
      "integrity": "sha512-V6lQCljcLznE7tUYUM9EOAnnKXbctE6j/rdQkYOHIWbfGQbrzTsAXNW9CdU5XCo4ArXQCj/rb6HgxPlmGJcaUg==",
      "license": "MIT"
    }
  }
}
