{
  "name": "countly-recaptcha",
  "version": "1.0.0",
  "lockfileVersion": 3,
  "requires": true,
  "packages": {
    "": {
      "name": "countly-recaptcha",
      "version": "1.0.0",
      "dependencies": {
        "express-recaptcha": "5.1.0"
      }
    },
    "node_modules/express-recaptcha": {
      "version": "5.1.0",
      "resolved": "https://registry.npmjs.org/express-recaptcha/-/express-recaptcha-5.1.0.tgz",
      "integrity": "sha512-L9BSaHbwVzEAf38LNnFwEbk4qpX1LiD1z8viBGYBuxyBWWVKMgBrKDb1mNLq6uSxubJzZbyIz+0ldgTSXfxsvQ==",
      "license": "MIT",
      "engines": {
        "node": ">= 6"
      }
    }
  }
}
