{
  "name": "countly-recaptcha",
  "version": "1.0.0",
  "lockfileVersion": 3,
  "requires": true,
  "packages": {
    "": {
      "name": "countly-recaptcha",
      "version": "1.0.0",
      "dependencies": {
        "express-recaptcha": "2.1.0"
      }
    },
    "node_modules/express-recaptcha": {
      "version": "2.1.0",
      "resolved": "https://registry.npmjs.org/express-recaptcha/-/express-recaptcha-2.1.0.tgz",
      "integrity": "sha1-JwBFRqNU4f9QiXGynnoDf+mV/Yc="
    }
  }
}
