{
  "name": "countly-kafka-connector",
  "version": "1.0.0",
  "lockfileVersion": 3,
  "requires": true,
  "packages": {
    "": {
      "name": "countly-kafka-connector",
      "version": "1.0.0",
      "dependencies": {
        "kafkajs": "^2.2.4",
        "lz4-napi": "^2.8.0"
      }
    },
    "node_modules/@antoniomuso/lz4-napi-android-arm-eabi": {
      "version": "2.9.0",
      "resolved": "https://registry.npmjs.org/@antoniomuso/lz4-napi-android-arm-eabi/-/lz4-napi-android-arm-eabi-2.9.0.tgz",
      "integrity": "sha512-aeT/9SoWq7rnmzssWuCKUPaxVt3fzE9q+xq/ZHbnUSmrm8/EhLOACMvQeCOnL0IZsmPh8EpuwIE1TZyM9iQPRA==",
      "cpu": [
        "arm"
      ],
      "license": "MIT",
      "optional": true,
      "os": [
        "android"
      ],
      "engines": {
        "node": ">= 10"
      }
    },
    "node_modules/@antoniomuso/lz4-napi-android-arm64": {
      "version": "2.9.0",
      "resolved": "https://registry.npmjs.org/@antoniomuso/lz4-napi-android-arm64/-/lz4-napi-android-arm64-2.9.0.tgz",
      "integrity": "sha512-ibQ0qiEvmljXAM97IgOZfh+PeiSQ0Rqf2HErJlZPVm2v4GVJoB67v21v1TUydqNNV5L8bwufVoZ90nheL8X9ZA==",
      "cpu": [
        "arm64"
      ],
      "license": "MIT",
      "optional": true,
      "os": [
        "android"
      ],
      "engines": {
        "node": ">= 10"
      }
    },
    "node_modules/@antoniomuso/lz4-napi-darwin-arm64": {
      "version": "2.9.0",
      "resolved": "https://registry.npmjs.org/@antoniomuso/lz4-napi-darwin-arm64/-/lz4-napi-darwin-arm64-2.9.0.tgz",
      "integrity": "sha512-1su4K1MWa4bcWoZlHajv+luGmFDV1JwIsvjtDF+0HhUveSDPP+8A4Z34zOZidURIr08Sl7M7ViPth6ZQ9SqnAA==",
      "cpu": [
        "arm64"
      ],
      "license": "MIT",
      "optional": true,
      "os": [
        "darwin"
      ],
      "engines": {
        "node": ">= 10"
      }
    },
    "node_modules/@antoniomuso/lz4-napi-darwin-x64": {
      "version": "2.9.0",
      "resolved": "https://registry.npmjs.org/@antoniomuso/lz4-napi-darwin-x64/-/lz4-napi-darwin-x64-2.9.0.tgz",
      "integrity": "sha512-8Lnbm2MkdJtiJ/nbcRS9zRyGp3G0sG6D+Y/x1vTP8nZs3/f8tBwYNsjxCQyyXNNyHcYWwVGbk68onP/pyDljOA==",
      "cpu": [
        "x64"
      ],
      "license": "MIT",
      "optional": true,
      "os": [
        "darwin"
      ],
      "engines": {
        "node": ">= 10"
      }
    },
    "node_modules/@antoniomuso/lz4-napi-freebsd-x64": {
      "version": "2.9.0",
      "resolved": "https://registry.npmjs.org/@antoniomuso/lz4-napi-freebsd-x64/-/lz4-napi-freebsd-x64-2.9.0.tgz",
      "integrity": "sha512-k04EMVOjntKDPrdR4Tf8WyNseuk9PTtSGw8WHyp4CTjoR1s+YJxtp9SMnThe5o2q0TATwk8WGYb/Howrp5OMxw==",
      "cpu": [
        "x64"
      ],
      "license": "MIT",
      "optional": true,
      "os": [
        "freebsd"
      ],
      "engines": {
        "node": ">= 10"
      }
    },
    "node_modules/@antoniomuso/lz4-napi-linux-arm-gnueabihf": {
      "version": "2.9.0",
      "resolved": "https://registry.npmjs.org/@antoniomuso/lz4-napi-linux-arm-gnueabihf/-/lz4-napi-linux-arm-gnueabihf-2.9.0.tgz",
      "integrity": "sha512-H92F8zPZmgy2r8IhCWh3qIBfLp2BQ5cp18RoDXhtGFWwkh+5gVWrZp11IVznrsdgB0QeW0VR7dAMMHg3WLOPfA==",
      "cpu": [
        "arm"
      ],
      "license": "MIT",
      "optional": true,
      "os": [
        "linux"
      ],
      "engines": {
        "node": ">= 10"
      }
    },
    "node_modules/@antoniomuso/lz4-napi-linux-arm64-gnu": {
      "version": "2.9.0",
      "resolved": "https://registry.npmjs.org/@antoniomuso/lz4-napi-linux-arm64-gnu/-/lz4-napi-linux-arm64-gnu-2.9.0.tgz",
      "integrity": "sha512-25crh0qs/3Rj3fMI8ulYD0DoaKsidUhMBki2aeO69ZK+F8bmQ/e2++FlgJ6f3EgMP5CNxJtnZXKhPOraQWjwAw==",
      "cpu": [
        "arm64"
      ],
      "license": "MIT",
      "optional": true,
      "os": [
        "linux"
      ],
      "engines": {
        "node": ">= 10"
      }
    },
    "node_modules/@antoniomuso/lz4-napi-linux-arm64-musl": {
      "version": "2.9.0",
      "resolved": "https://registry.npmjs.org/@antoniomuso/lz4-napi-linux-arm64-musl/-/lz4-napi-linux-arm64-musl-2.9.0.tgz",
      "integrity": "sha512-eJtHp38zuLaYI0/cOV/BKcNQiXUBo4GPx53FTf0Y307yUjLsn48LNeN0vD28Ct9YrbUae3bQvMD5AD86She0ww==",
      "cpu": [
        "arm64"
      ],
      "license": "MIT",
      "optional": true,
      "os": [
        "linux"
      ],
      "engines": {
        "node": ">= 10"
      }
    },
    "node_modules/@antoniomuso/lz4-napi-linux-x64-gnu": {
      "version": "2.9.0",
      "resolved": "https://registry.npmjs.org/@antoniomuso/lz4-napi-linux-x64-gnu/-/lz4-napi-linux-x64-gnu-2.9.0.tgz",
      "integrity": "sha512-mDjS4dyjRKaZQcAP71SphkYH5r3kufB30ih/VETVu/br2toCfBk6Zr1xhL1r+L7FaVAFzF62B7h30CiqrN0Awg==",
      "cpu": [
        "x64"
      ],
      "license": "MIT",
      "optional": true,
      "os": [
        "linux"
      ],
      "engines": {
        "node": ">= 10"
      }
    },
    "node_modules/@antoniomuso/lz4-napi-linux-x64-musl": {
      "version": "2.9.0",
      "resolved": "https://registry.npmjs.org/@antoniomuso/lz4-napi-linux-x64-musl/-/lz4-napi-linux-x64-musl-2.9.0.tgz",
      "integrity": "sha512-pvU7Z7qjkjn17NkddBtBQ7C2iRqjtZ7WJ3Jqrjtj4XxolY3Q0HaYMvWjkWhzb9AKGZbj5y+EHYtbVoZJ2TSQhQ==",
      "cpu": [
        "x64"
      ],
      "optional": true,
      "os": [
        "linux"
      ],
      "engines": {
        "node": ">= 10"
      }
    },
    "node_modules/@antoniomuso/lz4-napi-win32-arm64-msvc": {
      "version": "2.9.0",
      "resolved": "https://registry.npmjs.org/@antoniomuso/lz4-napi-win32-arm64-msvc/-/lz4-napi-win32-arm64-msvc-2.9.0.tgz",
      "integrity": "sha512-aioLlbpJl0QPEXLXhh2bzyitc3T7Jot3f1ap6WdKiRa+CIjMHXw1nxJXy07MLXif10r+qVZr86ic8dvwErgqEQ==",
      "cpu": [
        "arm64"
      ],
      "license": "MIT",
      "optional": true,
      "os": [
        "win32"
      ],
      "engines": {
        "node": ">= 10"
      }
    },
    "node_modules/@antoniomuso/lz4-napi-win32-ia32-msvc": {
      "version": "2.9.0",
      "resolved": "https://registry.npmjs.org/@antoniomuso/lz4-napi-win32-ia32-msvc/-/lz4-napi-win32-ia32-msvc-2.9.0.tgz",
      "integrity": "sha512-VaF4XMTdYb59TsPsiqnWwsNaWKHhgxF33z5p4zg4n0tp20eWozl76hn8B+aXthSs40W0W1N97QhxxV4oXGd8cg==",
      "cpu": [
        "ia32"
      ],
      "license": "MIT",
      "optional": true,
      "os": [
        "win32"
      ],
      "engines": {
        "node": ">= 10"
      }
    },
    "node_modules/@antoniomuso/lz4-napi-win32-x64-msvc": {
      "version": "2.9.0",
      "resolved": "https://registry.npmjs.org/@antoniomuso/lz4-napi-win32-x64-msvc/-/lz4-napi-win32-x64-msvc-2.9.0.tgz",
      "integrity": "sha512-wfA8ShO3eGLxJ1LDwXJo87XL2D4NkMJV1pfHPvLZpD0MWb9u8VfgS+gKK5YhT7XKjzVdeIna9jgFdn2HBnZBxA==",
      "cpu": [
        "x64"
      ],
      "license": "MIT",
      "optional": true,
      "os": [
        "win32"
      ],
      "engines": {
        "node": ">= 10"
      }
    },
    "node_modules/@napi-rs/triples": {
      "version": "1.2.0",
      "resolved": "https://registry.npmjs.org/@napi-rs/triples/-/triples-1.2.0.tgz",
      "integrity": "sha512-HAPjR3bnCsdXBsATpDIP5WCrw0JcACwhhrwIAQhiR46n+jm+a2F8kBsfseAuWtSyQ+H3Yebt2k43B5dy+04yMA==",
      "license": "MIT"
    },
    "node_modules/@node-rs/helper": {
      "version": "1.6.0",
      "resolved": "https://registry.npmjs.org/@node-rs/helper/-/helper-1.6.0.tgz",
      "integrity": "sha512-2OTh/tokcLA1qom1zuCJm2gQzaZljCCbtX1YCrwRVd/toz7KxaDRFeLTAPwhs8m9hWgzrBn5rShRm6IaZofCPw==",
      "license": "MIT",
      "dependencies": {
        "@napi-rs/triples": "^1.2.0"
      }
    },
    "node_modules/kafkajs": {
      "version": "2.2.4",
      "resolved": "https://registry.npmjs.org/kafkajs/-/kafkajs-2.2.4.tgz",
      "integrity": "sha512-j/YeapB1vfPT2iOIUn/vxdyKEuhuY2PxMBvf5JWux6iSaukAccrMtXEY/Lb7OvavDhOWME589bpLrEdnVHjfjA==",
      "license": "MIT",
      "engines": {
        "node": ">=14.0.0"
      }
    },
    "node_modules/lz4-napi": {
      "version": "2.9.0",
      "resolved": "https://registry.npmjs.org/lz4-napi/-/lz4-napi-2.9.0.tgz",
      "integrity": "sha512-ZOWqxBMIK5768aD20tYn5B6Pp9WPM9UG/LHk8neG9p0gC1DtjdzhTtlkxhAjvTRpmJvMtnnqLKlT+COlqAt9cQ==",
      "license": "MIT",
      "dependencies": {
        "@node-rs/helper": "^1.3.3"
      },
      "engines": {
        "node": ">= 10"
      },
      "optionalDependencies": {
        "@antoniomuso/lz4-napi-android-arm-eabi": "2.9.0",
        "@antoniomuso/lz4-napi-android-arm64": "2.9.0",
        "@antoniomuso/lz4-napi-darwin-arm64": "2.9.0",
        "@antoniomuso/lz4-napi-darwin-x64": "2.9.0",
        "@antoniomuso/lz4-napi-freebsd-x64": "2.9.0",
        "@antoniomuso/lz4-napi-linux-arm-gnueabihf": "2.9.0",
        "@antoniomuso/lz4-napi-linux-arm64-gnu": "2.9.0",
        "@antoniomuso/lz4-napi-linux-arm64-musl": "2.9.0",
        "@antoniomuso/lz4-napi-linux-x64-gnu": "2.9.0",
        "@antoniomuso/lz4-napi-linux-x64-musl": "2.9.0",
        "@antoniomuso/lz4-napi-win32-arm64-msvc": "2.9.0",
        "@antoniomuso/lz4-napi-win32-ia32-msvc": "2.9.0",
        "@antoniomuso/lz4-napi-win32-x64-msvc": "2.9.0"
      }
    }
  }
}
