{
  "name": "countly-dbviewer",
  "version": "0.1.0",
  "lockfileVersion": 3,
  "requires": true,
  "packages": {
    "": {
      "name": "countly-dbviewer",
      "version": "0.1.0",
      "dependencies": {
        "bson": "^6.7.0"
      }
    },
    "node_modules/bson": {
      "version": "6.7.0",
      "resolved": "https://registry.npmjs.org/bson/-/bson-6.7.0.tgz",
      "integrity": "sha512-w2IquM5mYzYZv6rs3uN2DZTOBe2a0zXLj53TGDqwF4l6Sz/XsISrisXOJihArF9+BZ6Cq/GjVht7Sjfmri7ytQ==",
      "engines": {
        "node": ">=16.20.1"
      }
    }
  }
}
