{
  "name": "countly-dbviewer",
  "version": "0.1.0",
  "lockfileVersion": 3,
  "requires": true,
  "packages": {
    "": {
      "name": "countly-dbviewer",
      "version": "0.1.0",
      "dependencies": {
        "bson": "^6.6.0"
      }
    },
    "node_modules/bson": {
      "version": "6.6.0",
      "resolved": "https://registry.npmjs.org/bson/-/bson-6.6.0.tgz",
      "integrity": "sha512-BVINv2SgcMjL4oYbBuCQTpE3/VKOSxrOA8Cj/wQP7izSzlBGVomdm+TcUd0Pzy0ytLSSDweCKQ6X3f5veM5LQA==",
      "engines": {
        "node": ">=16.20.1"
      }
    }
  }
}
