{
  "name": "countly-dbviewer",
  "version": "0.1.0",
  "lockfileVersion": 1,
  "requires": true,
  "dependencies": {
    "bson": {
      "version": "5.2.0",
      "resolved": "https://registry.npmjs.org/bson/-/bson-5.2.0.tgz",
      "integrity": "sha512-HevkSpDbpUfsrHWmWiAsNavANKYIErV2ePXllp1bwq5CDreAaFVj6RVlZpJnxK4WWDCJ/5jMUpaY6G526q3Hjg=="
    }
  }
}
