{
  "name": "countly-clickhouse",
  "version": "1.0.0",
  "lockfileVersion": 3,
  "requires": true,
  "packages": {
    "": {
      "name": "countly-clickhouse",
      "version": "1.0.0",
      "dependencies": {
        "@clickhouse/client": "^1.17.0"
      }
    },
    "node_modules/@clickhouse/client": {
      "version": "1.17.0",
      "resolved": "https://registry.npmjs.org/@clickhouse/client/-/client-1.17.0.tgz",
      "integrity": "sha512-Y3DQoamKZ/Iyosoq7Lj7lqpDkQDK4R/5mI52yJs4ZLPIO+d6/CYDqTbFBIb4No3C/AlXUYE4TKhj/kXDpe6rOA==",
      "license": "Apache-2.0",
      "dependencies": {
        "@clickhouse/client-common": "1.17.0"
      },
      "engines": {
        "node": ">=16"
      }
    },
    "node_modules/@clickhouse/client-common": {
      "version": "1.17.0",
      "resolved": "https://registry.npmjs.org/@clickhouse/client-common/-/client-common-1.17.0.tgz",
      "integrity": "sha512-MiwwgXViFAQA2YZkN4ymF1ynzG0K49KeSX9/iOcmJetWkxqSekDdpyp1GjwATWa9R215uQ+hGzJtJujeQVZZIw==",
      "license": "Apache-2.0"
    }
  }
}
