{
  "name": "countly-sources",
  "version": "0.1.0",
  "lockfileVersion": 3,
  "requires": true,
  "packages": {
    "": {
      "name": "countly-sources",
      "version": "0.1.0",
      "dependencies": {
        "parse-domain": "8.0.1"
      }
    },
    "node_modules/clone-regexp": {
      "version": "3.0.0",
      "resolved": "https://registry.npmjs.org/clone-regexp/-/clone-regexp-3.0.0.tgz",
      "integrity": "sha512-ujdnoq2Kxb8s3ItNBtnYeXdm07FcU0u8ARAT1lQ2YdMwQC+cdiXX8KoqMVuglztILivceTtp4ivqGSmEmhBUJw==",
      "dependencies": {
        "is-regexp": "^3.0.0"
      },
      "engines": {
        "node": ">=12"
      },
      "funding": {
        "url": "https://github.com/sponsors/sindresorhus"
      }
    },
    "node_modules/convert-hrtime": {
      "version": "5.0.0",
      "resolved": "https://registry.npmjs.org/convert-hrtime/-/convert-hrtime-5.0.0.tgz",
      "integrity": "sha512-lOETlkIeYSJWcbbcvjRKGxVMXJR+8+OQb/mTPbA4ObPMytYIsUbuOE0Jzy60hjARYszq1id0j8KgVhC+WGZVTg==",
      "engines": {
        "node": ">=12"
      },
      "funding": {
        "url": "https://github.com/sponsors/sindresorhus"
      }
    },
    "node_modules/data-uri-to-buffer": {
      "version": "4.0.1",
      "resolved": "https://registry.npmjs.org/data-uri-to-buffer/-/data-uri-to-buffer-4.0.1.tgz",
      "integrity": "sha512-0R9ikRb668HB7QDxT1vkpuUBtqc53YyAwMwGeUFKRojY/NWKvdZ+9UYtRfGmhqNbRkTSVpMbmyhXipFFv2cb/A==",
      "engines": {
        "node": ">= 12"
      }
    },
    "node_modules/fetch-blob": {
      "version": "3.2.0",
      "resolved": "https://registry.npmjs.org/fetch-blob/-/fetch-blob-3.2.0.tgz",
      "integrity": "sha512-7yAQpD2UMJzLi1Dqv7qFYnPbaPx7ZfFK6PiIxQ4PfkGPyNyl2Ugx+a/umUonmKqjhM4DnfbMvdX6otXq83soQQ==",
      "funding": [
        {
          "type": "github",
          "url": "https://github.com/sponsors/jimmywarting"
        },
        {
          "type": "paypal",
          "url": "https://paypal.me/jimmywarting"
        }
      ],
      "dependencies": {
        "node-domexception": "^1.0.0",
        "web-streams-polyfill": "^3.0.3"
      },
      "engines": {
        "node": "^12.20 || >= 14.13"
      }
    },
    "node_modules/formdata-polyfill": {
      "version": "4.0.10",
      "resolved": "https://registry.npmjs.org/formdata-polyfill/-/formdata-polyfill-4.0.10.tgz",
      "integrity": "sha512-buewHzMvYL29jdeQTVILecSaZKnt/RJWjoZCF5OW60Z67/GmSLBkOFM7qh1PI3zFNtJbaZL5eQu1vLfazOwj4g==",
      "dependencies": {
        "fetch-blob": "^3.1.2"
      },
      "engines": {
        "node": ">=12.20.0"
      }
    },
    "node_modules/function-timeout": {
      "version": "0.1.1",
      "resolved": "https://registry.npmjs.org/function-timeout/-/function-timeout-0.1.1.tgz",
      "integrity": "sha512-0NVVC0TaP7dSTvn1yMiy6d6Q8gifzbvQafO46RtLG/kHJUBNd+pVRGOBoK44wNBvtSPUJRfdVvkFdD3p0xvyZg==",
      "engines": {
        "node": ">=14.16"
      },
      "funding": {
        "url": "https://github.com/sponsors/sindresorhus"
      }
    },
    "node_modules/ip-regex": {
      "version": "5.0.0",
      "resolved": "https://registry.npmjs.org/ip-regex/-/ip-regex-5.0.0.tgz",
      "integrity": "sha512-fOCG6lhoKKakwv+C6KdsOnGvgXnmgfmp0myi3bcNwj3qfwPAxRKWEuFhvEFF7ceYIz6+1jRZ+yguLFAmUNPEfw==",
      "engines": {
        "node": "^12.20.0 || ^14.13.1 || >=16.0.0"
      },
      "funding": {
        "url": "https://github.com/sponsors/sindresorhus"
      }
    },
    "node_modules/is-ip": {
      "version": "5.0.1",
      "resolved": "https://registry.npmjs.org/is-ip/-/is-ip-5.0.1.tgz",
      "integrity": "sha512-FCsGHdlrOnZQcp0+XT5a+pYowf33itBalCl+7ovNXC/7o5BhIpG14M3OrpPPdBSIQJCm+0M5+9mO7S9VVTTCFw==",
      "dependencies": {
        "ip-regex": "^5.0.0",
        "super-regex": "^0.2.0"
      },
      "engines": {
        "node": ">=14.16"
      },
      "funding": {
        "url": "https://github.com/sponsors/sindresorhus"
      }
    },
    "node_modules/is-regexp": {
      "version": "3.1.0",
      "resolved": "https://registry.npmjs.org/is-regexp/-/is-regexp-3.1.0.tgz",
      "integrity": "sha512-rbku49cWloU5bSMI+zaRaXdQHXnthP6DZ/vLnfdSKyL4zUzuWnomtOEiZZOd+ioQ+avFo/qau3KPTc7Fjy1uPA==",
      "engines": {
        "node": ">=12"
      },
      "funding": {
        "url": "https://github.com/sponsors/sindresorhus"
      }
    },
    "node_modules/node-domexception": {
      "version": "1.0.0",
      "resolved": "https://registry.npmjs.org/node-domexception/-/node-domexception-1.0.0.tgz",
      "integrity": "sha512-/jKZoMpw0F8GRwl4/eLROPA3cfcXtLApP0QzLmUT/HuPCZWyB7IY9ZrMeKw2O/nFIqPQB3PVM9aYm0F312AXDQ==",
      "funding": [
        {
          "type": "github",
          "url": "https://github.com/sponsors/jimmywarting"
        },
        {
          "type": "github",
          "url": "https://paypal.me/jimmywarting"
        }
      ],
      "engines": {
        "node": ">=10.5.0"
      }
    },
    "node_modules/node-fetch": {
      "version": "3.3.2",
      "resolved": "https://registry.npmjs.org/node-fetch/-/node-fetch-3.3.2.tgz",
      "integrity": "sha512-dRB78srN/l6gqWulah9SrxeYnxeddIG30+GOqK/9OlLVyLg3HPnr6SqOWTWOXKRwC2eGYCkZ59NNuSgvSrpgOA==",
      "dependencies": {
        "data-uri-to-buffer": "^4.0.0",
        "fetch-blob": "^3.1.4",
        "formdata-polyfill": "^4.0.10"
      },
      "engines": {
        "node": "^12.20.0 || ^14.13.1 || >=16.0.0"
      },
      "funding": {
        "type": "opencollective",
        "url": "https://opencollective.com/node-fetch"
      }
    },
    "node_modules/parse-domain": {
      "version": "8.0.1",
      "resolved": "https://registry.npmjs.org/parse-domain/-/parse-domain-8.0.1.tgz",
      "integrity": "sha512-MGH+XJDgQLkt5V0X/+tfPG81QOiAGPF5MMmbmFrt0amMvdwjg+p9RhlhwHzKzS4QCdPaqaS8ajj1WVFU+e09ng==",
      "dependencies": {
        "is-ip": "^5.0.1",
        "node-fetch": "^3.3.2"
      },
      "bin": {
        "parse-domain-update": "bin/update.js"
      }
    },
    "node_modules/super-regex": {
      "version": "0.2.0",
      "resolved": "https://registry.npmjs.org/super-regex/-/super-regex-0.2.0.tgz",
      "integrity": "sha512-WZzIx3rC1CvbMDloLsVw0lkZVKJWbrkJ0k1ghKFmcnPrW1+jWbgTkTEWVtD9lMdmI4jZEz40+naBxl1dCUhXXw==",
      "dependencies": {
        "clone-regexp": "^3.0.0",
        "function-timeout": "^0.1.0",
        "time-span": "^5.1.0"
      },
      "engines": {
        "node": ">=14.16"
      },
      "funding": {
        "url": "https://github.com/sponsors/sindresorhus"
      }
    },
    "node_modules/time-span": {
      "version": "5.1.0",
      "resolved": "https://registry.npmjs.org/time-span/-/time-span-5.1.0.tgz",
      "integrity": "sha512-75voc/9G4rDIJleOo4jPvN4/YC4GRZrY8yy1uU4lwrB3XEQbWve8zXoO5No4eFrGcTAMYyoY67p8jRQdtA1HbA==",
      "dependencies": {
        "convert-hrtime": "^5.0.0"
      },
      "engines": {
        "node": ">=12"
      },
      "funding": {
        "url": "https://github.com/sponsors/sindresorhus"
      }
    },
    "node_modules/web-streams-polyfill": {
      "version": "3.2.1",
      "resolved": "https://registry.npmjs.org/web-streams-polyfill/-/web-streams-polyfill-3.2.1.tgz",
      "integrity": "sha512-e0MO3wdXWKrLbL0DgGnUV7WHVuw9OUvL4hjgnPkIeEvESk74gAITi5G606JtZPp39cd8HA9VQzCIvA49LpPN5Q==",
      "engines": {
        "node": ">= 8"
      }
    }
  }
}
