{
  "name": "plugin-upload",
  "version": "1.0.0",
  "lockfileVersion": 1,
  "requires": true,
  "dependencies": {
    "node-stream-zip": {
      "version": "1.11.3",
      "resolved": "https://registry.npmjs.org/node-stream-zip/-/node-stream-zip-1.11.3.tgz",
      "integrity": "sha512-GY+9LxkQuIT3O7K8BTdHVGKFcBYBy2vAVcTBtkKpu+OlBef/NSb6VuIWSyLiVDfmLMkggHeRJZN0F3W0GWU/uw=="
    }
  }
}
