{
  "name": "plugin-upload",
  "version": "1.0.0",
  "lockfileVersion": 1,
  "requires": true,
  "dependencies": {
    "node-stream-zip": {
      "version": "1.13.2",
      "resolved": "https://registry.npmjs.org/node-stream-zip/-/node-stream-zip-1.13.2.tgz",
      "integrity": "sha512-159NUO3quDIRVSVOQiQ/0VG8NFrGvVyUa+MUUleiOys3NLtrGtNkodqYYTRHU/kiXu/ygHZcNy/tZ4NUCcDUmQ=="
    }
  }
}
